
Microsoft Visual Studio Solution File, Format Version 12.00
# Visual Studio Version 17
VisualStudioVersion = 17.4.33213.308
MinimumVisualStudioVersion = 10.0.40219.1
Project("{FAE04EC0-301F-11D3-BF4B-00C04F79EFBC}") = "BlazorGeebsControllerRepairWeb_Server", "BlazorGeebsControllerRepairWeb_Server\BlazorGeebsControllerRepairWeb_Server.csproj", "{6EC4DEC8-4C2B-4B84-B524-7191E850AFA1}"
EndProject
Global
	GlobalSection(SolutionConfigurationPlatforms) = preSolution
		Debug|Any CPU = Debug|Any CPU
		Release|Any CPU = Release|Any CPU
	EndGlobalSection
	GlobalSection(ProjectConfigurationPlatforms) = postSolution
		{6EC4DEC8-4C2B-4B84-B524-7191E850AFA1}.Debug|Any CPU.ActiveCfg = Debug|Any CPU
		{6EC4DEC8-4C2B-4B84-B524-7191E850AFA1}.Debug|Any CPU.Build.0 = Debug|Any CPU
		{6EC4DEC8-4C2B-4B84-B524-7191E850AFA1}.Release|Any CPU.ActiveCfg = Release|Any CPU
		{6EC4DEC8-4C2B-4B84-B524-7191E850AFA1}.Release|Any CPU.Build.0 = Release|Any CPU
	EndGlobalSection
	GlobalSection(SolutionProperties) = preSolution
		HideSolutionNode = FALSE
	EndGlobalSection
	GlobalSection(ExtensibilityGlobals) = postSolution
		SolutionGuid = {4CEEB0B6-23B3-4B1A-A802-DF2881784C3E}
	EndGlobalSection
EndGlobal
